
Microsoft Visual Studio Solution File, Format Version 12.00
# Visual Studio Version 17
VisualStudioVersion = 17.0.32112.339
MinimumVisualStudioVersion = 10.0.40219.1
Project("{FAE04EC0-301F-11D3-BF4B-00C04F79EFBC}") = "SharedResources", "SharedResouces\SharedResources.csproj", "{76B4BA70-13A6-428F-8541-C7B94FCE35D4}"
EndProject
Project("{FAE04EC0-301F-11D3-BF4B-00C04F79EFBC}") = "WebApiDay3", "WebApiDay3\WebApiDay3.csproj", "{E448BA2E-C246-4787-BC54-5ED000664D59}"
EndProject
Project("{FAE04EC0-301F-11D3-BF4B-00C04F79EFBC}") = "BlazorDay3", "BlazorDay3\BlazorDay3.csproj", "{A2740719-A663-44FE-A033-FF99EE2DA67C}"
EndProject
Global
	GlobalSection(SolutionConfigurationPlatforms) = preSolution
		Debug|Any CPU = Debug|Any CPU
		Release|Any CPU = Release|Any CPU
	EndGlobalSection
	GlobalSection(ProjectConfigurationPlatforms) = postSolution
		{76B4BA70-13A6-428F-8541-C7B94FCE35D4}.Debug|Any CPU.ActiveCfg = Debug|Any CPU
		{76B4BA70-13A6-428F-8541-C7B94FCE35D4}.Debug|Any CPU.Build.0 = Debug|Any CPU
		{76B4BA70-13A6-428F-8541-C7B94FCE35D4}.Release|Any CPU.ActiveCfg = Release|Any CPU
		{76B4BA70-13A6-428F-8541-C7B94FCE35D4}.Release|Any CPU.Build.0 = Release|Any CPU
		{E448BA2E-C246-4787-BC54-5ED000664D59}.Debug|Any CPU.ActiveCfg = Debug|Any CPU
		{E448BA2E-C246-4787-BC54-5ED000664D59}.Debug|Any CPU.Build.0 = Debug|Any CPU
		{E448BA2E-C246-4787-BC54-5ED000664D59}.Release|Any CPU.ActiveCfg = Release|Any CPU
		{E448BA2E-C246-4787-BC54-5ED000664D59}.Release|Any CPU.Build.0 = Release|Any CPU
		{A2740719-A663-44FE-A033-FF99EE2DA67C}.Debug|Any CPU.ActiveCfg = Debug|Any CPU
		{A2740719-A663-44FE-A033-FF99EE2DA67C}.Debug|Any CPU.Build.0 = Debug|Any CPU
		{A2740719-A663-44FE-A033-FF99EE2DA67C}.Release|Any CPU.ActiveCfg = Release|Any CPU
		{A2740719-A663-44FE-A033-FF99EE2DA67C}.Release|Any CPU.Build.0 = Release|Any CPU
	EndGlobalSection
	GlobalSection(SolutionProperties) = preSolution
		HideSolutionNode = FALSE
	EndGlobalSection
	GlobalSection(ExtensibilityGlobals) = postSolution
		SolutionGuid = {95C2EB26-F178-4467-BA7B-D29D4A390D97}
	EndGlobalSection
EndGlobal
